lockfileVersion: 5.4

specifiers:
  ejs: ^3.1.8
  inquirer: 8.0.0

dependencies:
  ejs: registry.npmmirror.com/ejs/3.1.8
  inquirer: registry.npmmirror.com/inquirer/8.0.0

packages:

  registry.npmmirror.com/ansi-escapes/4.3.2:
    resolution: {integrity: sha512-gKXj5ALrKWQLsYG9jlTRmR/xKluxHV+Z9QEwNIgCfM1/uwPMCuzVVnh5mwTd+OuBZcwSIMbqssNWRm1lE51QaQ==, registry: http://registry.npm.taobao.org/, tarball: https://registry.npmmirror.com/ansi-escapes/-/ansi-escapes-4.3.2.tgz}
    name: ansi-escapes
    version: 4.3.2
    engines: {node: '>=8'}
    dependencies:
      type-fest: registry.npmmirror.com/type-fest/0.21.3
    dev: false

  registry.npmmirror.com/ansi-regex/5.0.1:
    resolution: {integrity: sha512-quJQXlTSUGL2LH9SUXo8VwsY4soanhgo6LNSm84E1LBcE8s3O0wpdiRzyR9z/ZZJMlMWv37qOOb9pdJlMUEKFQ==, registry: http://registry.npm.taobao.org/, tarball: https://registry.npmmirror.com/ansi-regex/-/ansi-regex-5.0.1.tgz}
    name: ansi-regex
    version: 5.0.1
    engines: {node: '>=8'}
    dev: false

  registry.npmmirror.com/ansi-styles/4.3.0:
    resolution: {integrity: sha512-zbB9rCJAT1rbjiVDb2hqKFHNYLxgtk8NURxZ3IZwD3F6NtxbXZQCnnSi1Lkx+IDohdPlFp222wVALIheZJQSEg==, registry: http://registry.npm.taobao.org/, tarball: https://registry.npmmirror.com/ansi-styles/-/ansi-styles-4.3.0.tgz}
    name: ansi-styles
    version: 4.3.0
    engines: {node: '>=8'}
    dependencies:
      color-convert: registry.npmmirror.com/color-convert/2.0.1
    dev: false

  registry.npmmirror.com/async/3.2.4:
    resolution: {integrity: sha512-iAB+JbDEGXhyIUavoDl9WP/Jj106Kz9DEn1DPgYw5ruDn0e3Wgi3sKFm55sASdGBNOQB8F59d9qQ7deqrHA8wQ==, registry: http://registry.npm.taobao.org/, tarball: https://registry.npmmirror.com/async/-/async-3.2.4.tgz}
    name: async
    version: 3.2.4
    dev: false

  registry.npmmirror.com/balanced-match/1.0.2:
    resolution: {integrity: sha512-3oSeUO0TMV67hN1AmbXsK4yaqU7tjiHlbxRDZOpH0KW9+CeX4bRAaX0Anxt0tx2MrpRpWwQaPwIlISEJhYU5Pw==, registry: http://registry.npm.taobao.org/, tarball: https://registry.npmmirror.com/balanced-match/-/balanced-match-1.0.2.tgz}
    name: balanced-match
    version: 1.0.2
    dev: false

  registry.npmmirror.com/brace-expansion/1.1.11:
    resolution: {integrity: sha512-iCuPHDFgrHX7H2vEI/5xpz07zSHB00TpugqhmYtVmMO6518mCuRMoOYFldEBl0g187ufozdaHgWKcYFb61qGiA==, registry: http://registry.npm.taobao.org/, tarball: https://registry.npmmirror.com/brace-expansion/-/brace-expansion-1.1.11.tgz}
    name: brace-expansion
    version: 1.1.11
    dependencies:
      balanced-match: registry.npmmirror.com/balanced-match/1.0.2
      concat-map: registry.npmmirror.com/concat-map/0.0.1
    dev: false

  registry.npmmirror.com/brace-expansion/2.0.1:
    resolution: {integrity: sha512-XnAIvQ8eM+kC6aULx6wuQiwVsnzsi9d3WxzV3FpWTGA19F621kwdbsAcFKXgKUHZWsy+mY6iL1sHTxWEFCytDA==, registry: http://registry.npm.taobao.org/, tarball: https://registry.npmmirror.com/brace-expansion/-/brace-expansion-2.0.1.tgz}
    name: brace-expansion
    version: 2.0.1
    dependencies:
      balanced-match: registry.npmmirror.com/balanced-match/1.0.2
    dev: false

  registry.npmmirror.com/chalk/4.1.2:
    resolution: {integrity: sha512-oKnbhFyRIXpUuez8iBMmyEa4nbj4IOQyuhc/wy9kY7/WVPcwIO9VA668Pu8RkO7+0G76SLROeyw9CpQ061i4mA==, registry: http://registry.npm.taobao.org/, tarball: https://registry.npmmirror.com/chalk/-/chalk-4.1.2.tgz}
    name: chalk
    version: 4.1.2
    engines: {node: '>=10'}
    dependencies:
      ansi-styles: registry.npmmirror.com/ansi-styles/4.3.0
      supports-color: registry.npmmirror.com/supports-color/7.2.0
    dev: false

  registry.npmmirror.com/chardet/0.7.0:
    resolution: {integrity: sha512-mT8iDcrh03qDGRRmoA2hmBJnxpllMR+0/0qlzjqZES6NdiWDcZkCNAk4rPFZ9Q85r27unkiNNg8ZOiwZXBHwcA==, registry: http://registry.npm.taobao.org/, tarball: https://registry.npmmirror.com/chardet/-/chardet-0.7.0.tgz}
    name: chardet
    version: 0.7.0
    dev: false

  registry.npmmirror.com/cli-cursor/3.1.0:
    resolution: {integrity: sha512-I/zHAwsKf9FqGoXM4WWRACob9+SNukZTd94DWF57E4toouRulbCxcUh6RKUEOQlYTHJnzkPMySvPNaaSLNfLZw==, registry: http://registry.npm.taobao.org/, tarball: https://registry.npmmirror.com/cli-cursor/-/cli-cursor-3.1.0.tgz}
    name: cli-cursor
    version: 3.1.0
    engines: {node: '>=8'}
    dependencies:
      restore-cursor: registry.npmmirror.com/restore-cursor/3.1.0
    dev: false

  registry.npmmirror.com/cli-width/3.0.0:
    resolution: {integrity: sha512-FxqpkPPwu1HjuN93Omfm4h8uIanXofW0RxVEW3k5RKx+mJJYSthzNhp32Kzxxy3YAEZ/Dc/EWN1vZRY0+kOhbw==, registry: http://registry.npm.taobao.org/, tarball: https://registry.npmmirror.com/cli-width/-/cli-width-3.0.0.tgz}
    name: cli-width
    version: 3.0.0
    engines: {node: '>= 10'}
    dev: false

  registry.npmmirror.com/color-convert/2.0.1:
    resolution: {integrity: sha512-RRECPsj7iu/xb5oKYcsFHSppFNnsj/52OVTRKb4zP5onXwVF3zVmmToNcOfGC+CRDpfK/U584fMg38ZHCaElKQ==, registry: http://registry.npm.taobao.org/, tarball: https://registry.npmmirror.com/color-convert/-/color-convert-2.0.1.tgz}
    name: color-convert
    version: 2.0.1
    engines: {node: '>=7.0.0'}
    dependencies:
      color-name: registry.npmmirror.com/color-name/1.1.4
    dev: false

  registry.npmmirror.com/color-name/1.1.4:
    resolution: {integrity: sha512-dOy+3AuW3a2wNbZHIuMZpTcgjGuLU/uBL/ubcZF9OXbDo8ff4O8yVp5Bf0efS8uEoYo5q4Fx7dY9OgQGXgAsQA==, registry: http://registry.npm.taobao.org/, tarball: https://registry.npmmirror.com/color-name/-/color-name-1.1.4.tgz}
    name: color-name
    version: 1.1.4
    dev: false

  registry.npmmirror.com/concat-map/0.0.1:
    resolution: {integrity: sha512-/Srv4dswyQNBfohGpz9o6Yb3Gz3SrUDqBH5rTuhGR7ahtlbYKnVxw2bCFMRljaA7EXHaXZ8wsHdodFvbkhKmqg==, registry: http://registry.npm.taobao.org/, tarball: https://registry.npmmirror.com/concat-map/-/concat-map-0.0.1.tgz}
    name: concat-map
    version: 0.0.1
    dev: false

  registry.npmmirror.com/ejs/3.1.8:
    resolution: {integrity: sha512-/sXZeMlhS0ArkfX2Aw780gJzXSMPnKjtspYZv+f3NiKLlubezAHDU5+9xz6gd3/NhG3txQCo6xlglmTS+oTGEQ==, registry: http://registry.npm.taobao.org/, tarball: https://registry.npmmirror.com/ejs/-/ejs-3.1.8.tgz}
    name: ejs
    version: 3.1.8
    engines: {node: '>=0.10.0'}
    hasBin: true
    dependencies:
      jake: registry.npmmirror.com/jake/10.8.5
    dev: false

  registry.npmmirror.com/emoji-regex/8.0.0:
    resolution: {integrity: sha512-MSjYzcWNOA0ewAHpz0MxpYFvwg6yjy1NG3xteoqz644VCo/RPgnr1/GGt+ic3iJTzQ8Eu3TdM14SawnVUmGE6A==, registry: http://registry.npm.taobao.org/, tarball: https://registry.npmmirror.com/emoji-regex/-/emoji-regex-8.0.0.tgz}
    name: emoji-regex
    version: 8.0.0
    dev: false

  registry.npmmirror.com/escape-string-regexp/1.0.5:
    resolution: {integrity: sha512-vbRorB5FUQWvla16U8R/qgaFIya2qGzwDrNmCZuYKrbdSUMG6I1ZCGQRefkRVhuOkIGVne7BQ35DSfo1qvJqFg==, registry: http://registry.npm.taobao.org/, tarball: https://registry.npmmirror.com/escape-string-regexp/-/escape-string-regexp-1.0.5.tgz}
    name: escape-string-regexp
    version: 1.0.5
    engines: {node: '>=0.8.0'}
    dev: false

  registry.npmmirror.com/external-editor/3.1.0:
    resolution: {integrity: sha512-hMQ4CX1p1izmuLYyZqLMO/qGNw10wSv9QDCPfzXfyFrOaCSSoRfqE1Kf1s5an66J5JZC62NewG+mK49jOCtQew==, registry: http://registry.npm.taobao.org/, tarball: https://registry.npmmirror.com/external-editor/-/external-editor-3.1.0.tgz}
    name: external-editor
    version: 3.1.0
    engines: {node: '>=4'}
    dependencies:
      chardet: registry.npmmirror.com/chardet/0.7.0
      iconv-lite: registry.npmmirror.com/iconv-lite/0.4.24
      tmp: registry.npmmirror.com/tmp/0.0.33
    dev: false

  registry.npmmirror.com/figures/3.2.0:
    resolution: {integrity: sha512-yaduQFRKLXYOGgEn6AZau90j3ggSOyiqXU0F9JZfeXYhNa+Jk4X+s45A2zg5jns87GAFa34BBm2kXw4XpNcbdg==, registry: http://registry.npm.taobao.org/, tarball: https://registry.npmmirror.com/figures/-/figures-3.2.0.tgz}
    name: figures
    version: 3.2.0
    engines: {node: '>=8'}
    dependencies:
      escape-string-regexp: registry.npmmirror.com/escape-string-regexp/1.0.5
    dev: false

  registry.npmmirror.com/filelist/1.0.4:
    resolution: {integrity: sha512-w1cEuf3S+DrLCQL7ET6kz+gmlJdbq9J7yXCSjK/OZCPA+qEN1WyF4ZAf0YYJa4/shHJra2t/d/r8SV4Ji+x+8Q==, registry: http://registry.npm.taobao.org/, tarball: https://registry.npmmirror.com/filelist/-/filelist-1.0.4.tgz}
    name: filelist
    version: 1.0.4
    dependencies:
      minimatch: registry.npmmirror.com/minimatch/5.1.0
    dev: false

  registry.npmmirror.com/has-flag/4.0.0:
    resolution: {integrity: sha512-EykJT/Q1KjTWctppgIAgfSO0tKVuZUjhgMr17kqTumMl6Afv3EISleU7qZUzoXDFTAHTDC4NOoG/ZxU3EvlMPQ==, registry: http://registry.npm.taobao.org/, tarball: https://registry.npmmirror.com/has-flag/-/has-flag-4.0.0.tgz}
    name: has-flag
    version: 4.0.0
    engines: {node: '>=8'}
    dev: false

  registry.npmmirror.com/iconv-lite/0.4.24:
    resolution: {integrity: sha512-v3MXnZAcvnywkTUEZomIActle7RXXeedOR31wwl7VlyoXO4Qi9arvSenNQWne1TcRwhCL1HwLI21bEqdpj8/rA==, registry: http://registry.npm.taobao.org/, tarball: https://registry.npmmirror.com/iconv-lite/-/iconv-lite-0.4.24.tgz}
    name: iconv-lite
    version: 0.4.24
    engines: {node: '>=0.10.0'}
    dependencies:
      safer-buffer: registry.npmmirror.com/safer-buffer/2.1.2
    dev: false

  registry.npmmirror.com/inquirer/8.0.0:
    resolution: {integrity: sha512-ON8pEJPPCdyjxj+cxsYRe6XfCJepTxANdNnTebsTuQgXpRyZRRT9t4dJwjRubgmvn20CLSEnozRUayXyM9VTXA==, registry: http://registry.npm.taobao.org/, tarball: https://registry.npmmirror.com/inquirer/-/inquirer-8.0.0.tgz}
    name: inquirer
    version: 8.0.0
    engines: {node: '>=8.0.0'}
    dependencies:
      ansi-escapes: registry.npmmirror.com/ansi-escapes/4.3.2
      chalk: registry.npmmirror.com/chalk/4.1.2
      cli-cursor: registry.npmmirror.com/cli-cursor/3.1.0
      cli-width: registry.npmmirror.com/cli-width/3.0.0
      external-editor: registry.npmmirror.com/external-editor/3.1.0
      figures: registry.npmmirror.com/figures/3.2.0
      lodash: registry.npmmirror.com/lodash/4.17.21
      mute-stream: registry.npmmirror.com/mute-stream/0.0.8
      run-async: registry.npmmirror.com/run-async/2.4.1
      rxjs: registry.npmmirror.com/rxjs/6.6.7
      string-width: registry.npmmirror.com/string-width/4.2.3
      strip-ansi: registry.npmmirror.com/strip-ansi/6.0.1
      through: registry.npmmirror.com/through/2.3.8
    dev: false

  registry.npmmirror.com/is-fullwidth-code-point/3.0.0:
    resolution: {integrity: sha512-zymm5+u+sCsSWyD9qNaejV3DFvhCKclKdizYaJUuHA83RLjb7nSuGnddCHGv0hk+KY7BMAlsWeK4Ueg6EV6XQg==, registry: http://registry.npm.taobao.org/, tarball: https://registry.npmmirror.com/is-fullwidth-code-point/-/is-fullwidth-code-point-3.0.0.tgz}
    name: is-fullwidth-code-point
    version: 3.0.0
    engines: {node: '>=8'}
    dev: false

  registry.npmmirror.com/jake/10.8.5:
    resolution: {integrity: sha512-sVpxYeuAhWt0OTWITwT98oyV0GsXyMlXCF+3L1SuafBVUIr/uILGRB+NqwkzhgXKvoJpDIpQvqkUALgdmQsQxw==, registry: http://registry.npm.taobao.org/, tarball: https://registry.npmmirror.com/jake/-/jake-10.8.5.tgz}
    name: jake
    version: 10.8.5
    engines: {node: '>=10'}
    hasBin: true
    dependencies:
      async: registry.npmmirror.com/async/3.2.4
      chalk: registry.npmmirror.com/chalk/4.1.2
      filelist: registry.npmmirror.com/filelist/1.0.4
      minimatch: registry.npmmirror.com/minimatch/3.1.2
    dev: false

  registry.npmmirror.com/lodash/4.17.21:
    resolution: {integrity: sha512-v2kDEe57lecTulaDIuNTPy3Ry4gLGJ6Z1O3vE1krgXZNrsQ+LFTGHVxVjcXPs17LhbZVGedAJv8XZ1tvj5FvSg==, registry: http://registry.npm.taobao.org/, tarball: https://registry.npmmirror.com/lodash/-/lodash-4.17.21.tgz}
    name: lodash
    version: 4.17.21
    dev: false

  registry.npmmirror.com/mimic-fn/2.1.0:
    resolution: {integrity: sha512-OqbOk5oEQeAZ8WXWydlu9HJjz9WVdEIvamMCcXmuqUYjTknH/sqsWvhQ3vgwKFRR1HpjvNBKQ37nbJgYzGqGcg==, registry: http://registry.npm.taobao.org/, tarball: https://registry.npmmirror.com/mimic-fn/-/mimic-fn-2.1.0.tgz}
    name: mimic-fn
    version: 2.1.0
    engines: {node: '>=6'}
    dev: false

  registry.npmmirror.com/minimatch/3.1.2:
    resolution: {integrity: sha512-J7p63hRiAjw1NDEww1W7i37+ByIrOWO5XQQAzZ3VOcL0PNybwpfmV/N05zFAzwQ9USyEcX6t3UO+K5aqBQOIHw==, registry: http://registry.npm.taobao.org/, tarball: https://registry.npmmirror.com/minimatch/-/minimatch-3.1.2.tgz}
    name: minimatch
    version: 3.1.2
    dependencies:
      brace-expansion: registry.npmmirror.com/brace-expansion/1.1.11
    dev: false

  registry.npmmirror.com/minimatch/5.1.0:
    resolution: {integrity: sha512-9TPBGGak4nHfGZsPBohm9AWg6NoT7QTCehS3BIJABslyZbzxfV78QM2Y6+i741OPZIafFAaiiEMh5OyIrJPgtg==, registry: http://registry.npm.taobao.org/, tarball: https://registry.npmmirror.com/minimatch/-/minimatch-5.1.0.tgz}
    name: minimatch
    version: 5.1.0
    engines: {node: '>=10'}
    dependencies:
      brace-expansion: registry.npmmirror.com/brace-expansion/2.0.1
    dev: false

  registry.npmmirror.com/mute-stream/0.0.8:
    resolution: {integrity: sha512-nnbWWOkoWyUsTjKrhgD0dcz22mdkSnpYqbEjIm2nhwhuxlSkpywJmBo8h0ZqJdkp73mb90SssHkN4rsRaBAfAA==, registry: http://registry.npm.taobao.org/, tarball: https://registry.npmmirror.com/mute-stream/-/mute-stream-0.0.8.tgz}
    name: mute-stream
    version: 0.0.8
    dev: false

  registry.npmmirror.com/onetime/5.1.2:
    resolution: {integrity: sha512-kbpaSSGJTWdAY5KPVeMOKXSrPtr8C8C7wodJbcsd51jRnmD+GZu8Y0VoU6Dm5Z4vWr0Ig/1NKuWRKf7j5aaYSg==, registry: http://registry.npm.taobao.org/, tarball: https://registry.npmmirror.com/onetime/-/onetime-5.1.2.tgz}
    name: onetime
    version: 5.1.2
    engines: {node: '>=6'}
    dependencies:
      mimic-fn: registry.npmmirror.com/mimic-fn/2.1.0
    dev: false

  registry.npmmirror.com/os-tmpdir/1.0.2:
    resolution: {integrity: sha512-D2FR03Vir7FIu45XBY20mTb+/ZSWB00sjU9jdQXt83gDrI4Ztz5Fs7/yy74g2N5SVQY4xY1qDr4rNddwYRVX0g==, registry: http://registry.npm.taobao.org/, tarball: https://registry.npmmirror.com/os-tmpdir/-/os-tmpdir-1.0.2.tgz}
    name: os-tmpdir
    version: 1.0.2
    engines: {node: '>=0.10.0'}
    dev: false

  registry.npmmirror.com/restore-cursor/3.1.0:
    resolution: {integrity: sha512-l+sSefzHpj5qimhFSE5a8nufZYAM3sBSVMAPtYkmC+4EH2anSGaEMXSD0izRQbu9nfyQ9y5JrVmp7E8oZrUjvA==, registry: http://registry.npm.taobao.org/, tarball: https://registry.npmmirror.com/restore-cursor/-/restore-cursor-3.1.0.tgz}
    name: restore-cursor
    version: 3.1.0
    engines: {node: '>=8'}
    dependencies:
      onetime: registry.npmmirror.com/onetime/5.1.2
      signal-exit: registry.npmmirror.com/signal-exit/3.0.7
    dev: false

  registry.npmmirror.com/run-async/2.4.1:
    resolution: {integrity: sha512-tvVnVv01b8c1RrA6Ep7JkStj85Guv/YrMcwqYQnwjsAS2cTmmPGBBjAjpCW7RrSodNSoE2/qg9O4bceNvUuDgQ==, registry: http://registry.npm.taobao.org/, tarball: https://registry.npmmirror.com/run-async/-/run-async-2.4.1.tgz}
    name: run-async
    version: 2.4.1
    engines: {node: '>=0.12.0'}
    dev: false

  registry.npmmirror.com/rxjs/6.6.7:
    resolution: {integrity: sha512-hTdwr+7yYNIT5n4AMYp85KA6yw2Va0FLa3Rguvbpa4W3I5xynaBZo41cM3XM+4Q6fRMj3sBYIR1VAmZMXYJvRQ==, registry: http://registry.npm.taobao.org/, tarball: https://registry.npmmirror.com/rxjs/-/rxjs-6.6.7.tgz}
    name: rxjs
    version: 6.6.7
    engines: {npm: '>=2.0.0'}
    dependencies:
      tslib: registry.npmmirror.com/tslib/1.14.1
    dev: false

  registry.npmmirror.com/safer-buffer/2.1.2:
    resolution: {integrity: sha512-YZo3K82SD7Riyi0E1EQPojLz7kpepnSQI9IyPbHHg1XXXevb5dJI7tpyN2ADxGcQbHG7vcyRHk0cbwqcQriUtg==, registry: http://registry.npm.taobao.org/, tarball: https://registry.npmmirror.com/safer-buffer/-/safer-buffer-2.1.2.tgz}
    name: safer-buffer
    version: 2.1.2
    dev: false

  registry.npmmirror.com/signal-exit/3.0.7:
    resolution: {integrity: sha512-wnD2ZE+l+SPC/uoS0vXeE9L1+0wuaMqKlfz9AMUo38JsyLSBWSFcHR1Rri62LZc12vLr1gb3jl7iwQhgwpAbGQ==, registry: http://registry.npm.taobao.org/, tarball: https://registry.npmmirror.com/signal-exit/-/signal-exit-3.0.7.tgz}
    name: signal-exit
    version: 3.0.7
    dev: false

  registry.npmmirror.com/string-width/4.2.3:
    resolution: {integrity: sha512-wKyQRQpjJ0sIp62ErSZdGsjMJWsap5oRNihHhu6G7JVO/9jIB6UyevL+tXuOqrng8j/cxKTWyWUwvSTriiZz/g==, registry: http://registry.npm.taobao.org/, tarball: https://registry.npmmirror.com/string-width/-/string-width-4.2.3.tgz}
    name: string-width
    version: 4.2.3
    engines: {node: '>=8'}
    dependencies:
      emoji-regex: registry.npmmirror.com/emoji-regex/8.0.0
      is-fullwidth-code-point: registry.npmmirror.com/is-fullwidth-code-point/3.0.0
      strip-ansi: registry.npmmirror.com/strip-ansi/6.0.1
    dev: false

  registry.npmmirror.com/strip-ansi/6.0.1:
    resolution: {integrity: sha512-Y38VPSHcqkFrCpFnQ9vuSXmquuv5oXOKpGeT6aGrr3o3Gc9AlVa6JBfUSOCnbxGGZF+/0ooI7KrPuUSztUdU5A==, registry: http://registry.npm.taobao.org/, tarball: https://registry.npmmirror.com/strip-ansi/-/strip-ansi-6.0.1.tgz}
    name: strip-ansi
    version: 6.0.1
    engines: {node: '>=8'}
    dependencies:
      ansi-regex: registry.npmmirror.com/ansi-regex/5.0.1
    dev: false

  registry.npmmirror.com/supports-color/7.2.0:
    resolution: {integrity: sha512-qpCAvRl9stuOHveKsn7HncJRvv501qIacKzQlO/+Lwxc9+0q2wLyv4Dfvt80/DPn2pqOBsJdDiogXGR9+OvwRw==, registry: http://registry.npm.taobao.org/, tarball: https://registry.npmmirror.com/supports-color/-/supports-color-7.2.0.tgz}
    name: supports-color
    version: 7.2.0
    engines: {node: '>=8'}
    dependencies:
      has-flag: registry.npmmirror.com/has-flag/4.0.0
    dev: false

  registry.npmmirror.com/through/2.3.8:
    resolution: {integrity: sha512-w89qg7PI8wAdvX60bMDP+bFoD5Dvhm9oLheFp5O4a2QF0cSBGsBX4qZmadPMvVqlLJBBci+WqGGOAPvcDeNSVg==, registry: http://registry.npm.taobao.org/, tarball: https://registry.npmmirror.com/through/-/through-2.3.8.tgz}
    name: through
    version: 2.3.8
    dev: false

  registry.npmmirror.com/tmp/0.0.33:
    resolution: {integrity: sha512-jRCJlojKnZ3addtTOjdIqoRuPEKBvNXcGYqzO6zWZX8KfKEpnGY5jfggJQ3EjKuu8D4bJRr0y+cYJFmYbImXGw==, registry: http://registry.npm.taobao.org/, tarball: https://registry.npmmirror.com/tmp/-/tmp-0.0.33.tgz}
    name: tmp
    version: 0.0.33
    engines: {node: '>=0.6.0'}
    dependencies:
      os-tmpdir: registry.npmmirror.com/os-tmpdir/1.0.2
    dev: false

  registry.npmmirror.com/tslib/1.14.1:
    resolution: {integrity: sha512-Xni35NKzjgMrwevysHTCArtLDpPvye8zV/0E4EyYn43P7/7qvQwPh9BGkHewbMulVntbigmcT7rdX3BNo9wRJg==, registry: http://registry.npm.taobao.org/, tarball: https://registry.npmmirror.com/tslib/-/tslib-1.14.1.tgz}
    name: tslib
    version: 1.14.1
    dev: false

  registry.npmmirror.com/type-fest/0.21.3:
    resolution: {integrity: sha512-t0rzBq87m3fVcduHDUFhKmyyX+9eo6WQjZvf51Ea/M0Q7+T374Jp1aUiyUl0GKxp8M/OETVHSDvmkyPgvX+X2w==, registry: http://registry.npm.taobao.org/, tarball: https://registry.npmmirror.com/type-fest/-/type-fest-0.21.3.tgz}
    name: type-fest
    version: 0.21.3
    engines: {node: '>=10'}
    dev: false
