lockfileVersion: 5.4

specifiers:
  loose-envify: ^1.1.0
  object-assign: ^4.1.1
  prop-types: ^15.6.2
  scheduler: ^0.10.0

dependencies:
  loose-envify: mirrors.tencent.com/loose-envify/1.4.0
  object-assign: mirrors.tencent.com/object-assign/4.1.1
  prop-types: mirrors.tencent.com/prop-types/15.8.1
  scheduler: mirrors.tencent.com/scheduler/0.10.0

packages:

  mirrors.tencent.com/js-tokens/4.0.0:
    resolution: {integrity: sha512-RdJUflcE3cUzKiMqQgsCu06FPu9UdIJO0beYbPhHN4k6apgJtifcoCtT9bcxOpYBtpD2kCM6Sbzg4CausW/PKQ==, registry: https://mirrors.cloud.tencent.com/npm/, tarball: https://mirrors.tencent.com/npm/js-tokens/-/js-tokens-4.0.0.tgz}
    name: js-tokens
    version: 4.0.0
    dev: false

  mirrors.tencent.com/loose-envify/1.4.0:
    resolution: {integrity: sha512-lyuxPGr/Wfhrlem2CL/UcnUc1zcqKAImBDzukY7Y5F/yQiNdko6+fRLevlw1HgMySw7f611UIY408EtxRSoK3Q==, registry: https://mirrors.cloud.tencent.com/npm/, tarball: https://mirrors.tencent.com/npm/loose-envify/-/loose-envify-1.4.0.tgz}
    name: loose-envify
    version: 1.4.0
    hasBin: true
    dependencies:
      js-tokens: mirrors.tencent.com/js-tokens/4.0.0
    dev: false

  mirrors.tencent.com/object-assign/4.1.1:
    resolution: {integrity: sha1-IQmtx5ZYh8/AXLvUQsrIv7s2CGM=, registry: https://mirrors.cloud.tencent.com/npm/, tarball: https://mirrors.tencent.com/npm/object-assign/-/object-assign-4.1.1.tgz}
    name: object-assign
    version: 4.1.1
    engines: {node: '>=0.10.0'}
    dev: false

  mirrors.tencent.com/prop-types/15.8.1:
    resolution: {integrity: sha512-oj87CgZICdulUohogVAR7AjlC0327U4el4L6eAvOqCeudMDVU0NThNaV+b9Df4dXgSP1gXMTnPdhfe/2qDH5cg==, registry: https://mirrors.cloud.tencent.com/npm/, tarball: https://mirrors.tencent.com/npm/prop-types/-/prop-types-15.8.1.tgz}
    name: prop-types
    version: 15.8.1
    dependencies:
      loose-envify: mirrors.tencent.com/loose-envify/1.4.0
      object-assign: mirrors.tencent.com/object-assign/4.1.1
      react-is: mirrors.tencent.com/react-is/16.13.1
    dev: false

  mirrors.tencent.com/react-is/16.13.1:
    resolution: {integrity: sha512-24e6ynE2H+OKt4kqsOvNd8kBpV65zoxbA4BVsEOB3ARVWQki/DHzaUoC5KuON/BiccDaCCTZBuOcfZs70kR8bQ==, registry: https://mirrors.cloud.tencent.com/npm/, tarball: https://mirrors.tencent.com/npm/react-is/-/react-is-16.13.1.tgz}
    name: react-is
    version: 16.13.1
    dev: false

  mirrors.tencent.com/scheduler/0.10.0:
    resolution: {integrity: sha512-+TSTVTCBAA3h8Anei3haDc1IRwMeDmtI/y/o3iBe3Mjl2vwYF9DtPDt929HyRmV/e7au7CLu8sc4C4W0VOs29w==, registry: https://mirrors.cloud.tencent.com/npm/, tarball: https://mirrors.tencent.com/npm/scheduler/-/scheduler-0.10.0.tgz}
    name: scheduler
    version: 0.10.0
    dependencies:
      loose-envify: mirrors.tencent.com/loose-envify/1.4.0
      object-assign: mirrors.tencent.com/object-assign/4.1.1
    dev: false
